// !$*UTF8*$!
{
	archiveVersion = 1;
	classes = {
	};
	objectVersion = 77;
	objects = {

/* Begin PBXBuildFile section */
		2294BAFF07317F5BE8E6C55B /* MediaCacheService.swift in Sources */ = {isa = PBXBuildFile; fileRef = 656305455BA91D8FA3AEC7CF /* MediaCacheService.swift */; };
		28FF09FAED05AA2D2CC046DF /* MediaCountService.swift in Sources */ = {isa = PBXBuildFile; fileRef = F04987F4E9BF4BFFE7DB4D44 /* MediaCountService.swift */; };
		2D463908A21940DD86F466FC /* AlertModel.swift in Sources */ = {isa = PBXBuildFile; fileRef = 0F2075E14F599B1520E272D5 /* AlertModel.swift */; };
		ED2A094D2F19640A00C19D72 /* AppDelegate.swift in Sources */ = {isa = PBXBuildFile; fileRef = ED2A09452F19640A00C19D72 /* AppDelegate.swift */; };
		ED2A094E2F19640A00C19D72 /* SceneDelegate.swift in Sources */ = {isa = PBXBuildFile; fileRef = ED2A094A2F19640A00C19D72 /* SceneDelegate.swift */; };
		ED2A09502F19640A00C19D72 /* Assets.xcassets in Resources */ = {isa = PBXBuildFile; fileRef = ED2A09462F19640A00C19D72 /* Assets.xcassets */; };
		ED2A09522F19640A00C19D72 /* LaunchScreen.storyboard in Resources */ = {isa = PBXBuildFile; fileRef = ED2A09492F19640A00C19D72 /* LaunchScreen.storyboard */; };
		ED2A09552F19646200C19D72 /* SnapKit in Frameworks */ = {isa = PBXBuildFile; productRef = ED2A09542F19646200C19D72 /* SnapKit */; };
		ED2A095D2F1965D500C19D72 /* OnboardingVC.swift in Sources */ = {isa = PBXBuildFile; fileRef = ED2A095C2F1965D500C19D72 /* OnboardingVC.swift */; };
		ED2A095F2F1965F800C19D72 /* OnboardingView.swift in Sources */ = {isa = PBXBuildFile; fileRef = ED2A095E2F1965F400C19D72 /* OnboardingView.swift */; };
		ED2A09642F19668700C19D72 /* PrimaryButton.swift in Sources */ = {isa = PBXBuildFile; fileRef = ED2A09632F19668500C19D72 /* PrimaryButton.swift */; };
		ED2A09672F1967CF00C19D72 /* Colors.swift in Sources */ = {isa = PBXBuildFile; fileRef = ED2A09662F1967CF00C19D72 /* Colors.swift */; };
		ED2A096B2F196B7800C19D72 /* VoidBlock.swift in Sources */ = {isa = PBXBuildFile; fileRef = ED2A096A2F196B7600C19D72 /* VoidBlock.swift */; };
		ED2A096D2F196BEA00C19D72 /* MainCommonView.swift in Sources */ = {isa = PBXBuildFile; fileRef = ED2A096C2F196BE800C19D72 /* MainCommonView.swift */; };
		ED2A09702F196D8600C19D72 /* UIView.swift in Sources */ = {isa = PBXBuildFile; fileRef = ED2A096F2F196D8500C19D72 /* UIView.swift */; };
		ED2A09722F197BD200C19D72 /* UIDevice.swift in Sources */ = {isa = PBXBuildFile; fileRef = ED2A09712F197BD000C19D72 /* UIDevice.swift */; };
		ED34E5C82F1A673E006B6330 /* InfoBadgeView.swift in Sources */ = {isa = PBXBuildFile; fileRef = ED34E5C72F1A673E006B6330 /* InfoBadgeView.swift */; };
		ED34E5CB2F1A6C01006B6330 /* VideoCompressorCell.swift in Sources */ = {isa = PBXBuildFile; fileRef = ED34E5CA2F1A6C00006B6330 /* VideoCompressorCell.swift */; };
		ED34E5CD2F1A6E78006B6330 /* Montserrat-Regular.ttf in Resources */ = {isa = PBXBuildFile; fileRef = ED34E5CC2F1A6E78006B6330 /* Montserrat-Regular.ttf */; };
		ED8917482F19820800EAF996 /* PageControlView.swift in Sources */ = {isa = PBXBuildFile; fileRef = ED8917472F19820700EAF996 /* PageControlView.swift */; };
		ED89174B2F19874C00EAF996 /* OnboardingPageModel.swift in Sources */ = {isa = PBXBuildFile; fileRef = ED89174A2F19874B00EAF996 /* OnboardingPageModel.swift */; };
		ED89174F2F1987FA00EAF996 /* OnboardingFactory.swift in Sources */ = {isa = PBXBuildFile; fileRef = ED89174E2F1987FA00EAF996 /* OnboardingFactory.swift */; };
		ED8917522F198A0800EAF996 /* OnboardingPageView.swift in Sources */ = {isa = PBXBuildFile; fileRef = ED8917512F198A0800EAF996 /* OnboardingPageView.swift */; };
		ED8917562F198A6300EAF996 /* OnboardingPageVC.swift in Sources */ = {isa = PBXBuildFile; fileRef = ED8917552F198A6000EAF996 /* OnboardingPageVC.swift */; };
		ED8917582F19918A00EAF996 /* OnboardingVM.swift in Sources */ = {isa = PBXBuildFile; fileRef = ED8917572F19917F00EAF996 /* OnboardingVM.swift */; };
		ED89175B2F19AACE00EAF996 /* MainVC.swift in Sources */ = {isa = PBXBuildFile; fileRef = ED89175A2F19AACE00EAF996 /* MainVC.swift */; };
		ED89175E2F19AAD700EAF996 /* MainView.swift in Sources */ = {isa = PBXBuildFile; fileRef = ED89175D2F19AAD600EAF996 /* MainView.swift */; };
		ED8917602F19B98800EAF996 /* UILabel.swift in Sources */ = {isa = PBXBuildFile; fileRef = ED89175F2F19B98800EAF996 /* UILabel.swift */; };
		ED8917632F19BB1700EAF996 /* CircularProgressView.swift in Sources */ = {isa = PBXBuildFile; fileRef = ED8917622F19BB1700EAF996 /* CircularProgressView.swift */; };
		ED8917652F19BC0000EAF996 /* DiskInfo.swift in Sources */ = {isa = PBXBuildFile; fileRef = ED8917642F19BC0000EAF996 /* DiskInfo.swift */; };
		ED8917672F19BC1000EAF996 /* DiskInfoService.swift in Sources */ = {isa = PBXBuildFile; fileRef = ED8917662F19BC1000EAF996 /* DiskInfoService.swift */; };
		ED89196A2F19C70000EAF996 /* Byte.swift in Sources */ = {isa = PBXBuildFile; fileRef = ED89196B2F19C70000EAF996 /* Byte.swift */; };
		ED89196F2F19C53800EAF996 /* MainVM.swift in Sources */ = {isa = PBXBuildFile; fileRef = ED89196E2F19C53400EAF996 /* MainVM.swift */; };
		ED891B7F2F19CDE600EAF996 /* MediaGroupCell.swift in Sources */ = {isa = PBXBuildFile; fileRef = ED891B7E2F19CDE600EAF996 /* MediaGroupCell.swift */; };
		ED891B822F19D1A000EAF996 /* MediaGroupModel.swift in Sources */ = {isa = PBXBuildFile; fileRef = ED891B812F19D1A000EAF996 /* MediaGroupModel.swift */; };
		ED891B842F19D25300EAF996 /* Fonts.swift in Sources */ = {isa = PBXBuildFile; fileRef = ED891B832F19D25200EAF996 /* Fonts.swift */; };
		ED891B882F19D3E600EAF996 /* Montserrat-SemiBold.ttf in Resources */ = {isa = PBXBuildFile; fileRef = ED891B872F19D3E600EAF996 /* Montserrat-SemiBold.ttf */; };
		ED891B8A2F19E39300EAF996 /* MediaType.swift in Sources */ = {isa = PBXBuildFile; fileRef = ED891B892F19E39100EAF996 /* MediaType.swift */; };
		ED891B8C2F19E63900EAF996 /* PermissionService.swift in Sources */ = {isa = PBXBuildFile; fileRef = ED891B8B2F19E63900EAF996 /* PermissionService.swift */; };
		ED891C932F19F8F300EAF996 /* HapticService.swift in Sources */ = {isa = PBXBuildFile; fileRef = ED891C922F19F8F300EAF996 /* HapticService.swift */; };
		ED891C972F19FC1900EAF996 /* VideoCompressorVC.swift in Sources */ = {isa = PBXBuildFile; fileRef = ED891C962F19FC1900EAF996 /* VideoCompressorVC.swift */; };
		ED891C992F19FC4300EAF996 /* VideoCompressorView.swift in Sources */ = {isa = PBXBuildFile; fileRef = ED891C982F19FC4300EAF996 /* VideoCompressorView.swift */; };
		ED891C9C2F19FCBE00EAF996 /* CustomNavigationBar.swift in Sources */ = {isa = PBXBuildFile; fileRef = ED891C9B2F19FCB900EAF996 /* CustomNavigationBar.swift */; };
/* End PBXBuildFile section */

/* Begin PBXFileReference section */
		0F2075E14F599B1520E272D5 /* AlertModel.swift */ = {isa = PBXFileReference; lastKnownFileType = sourcecode.swift; path = AlertModel.swift; sourceTree = "<group>"; };
		656305455BA91D8FA3AEC7CF /* MediaCacheService.swift */ = {isa = PBXFileReference; lastKnownFileType = sourcecode.swift; path = MediaCacheService.swift; sourceTree = "<group>"; };
		ED2A092D2F19621E00C19D72 /* cleaner-boosteight.app */ = {isa = PBXFileReference; explicitFileType = wrapper.application; includeInIndex = 0; path = "cleaner-boosteight.app"; sourceTree = BUILT_PRODUCTS_DIR; };
		ED2A09452F19640A00C19D72 /* AppDelegate.swift */ = {isa = PBXFileReference; lastKnownFileType = sourcecode.swift; path = AppDelegate.swift; sourceTree = "<group>"; };
		ED2A09462F19640A00C19D72 /* Assets.xcassets */ = {isa = PBXFileReference; lastKnownFileType = folder.assetcatalog; path = Assets.xcassets; sourceTree = "<group>"; };
		ED2A09472F19640A00C19D72 /* Info.plist */ = {isa = PBXFileReference; lastKnownFileType = text.plist.xml; path = Info.plist; sourceTree = "<group>"; };
		ED2A09482F19640A00C19D72 /* Base */ = {isa = PBXFileReference; lastKnownFileType = file.storyboard; name = Base; path = Base.lproj/LaunchScreen.storyboard; sourceTree = "<group>"; };
		ED2A094A2F19640A00C19D72 /* SceneDelegate.swift */ = {isa = PBXFileReference; lastKnownFileType = sourcecode.swift; path = SceneDelegate.swift; sourceTree = "<group>"; };
		ED2A095C2F1965D500C19D72 /* OnboardingVC.swift */ = {isa = PBXFileReference; lastKnownFileType = sourcecode.swift; path = OnboardingVC.swift; sourceTree = "<group>"; };
		ED2A095E2F1965F400C19D72 /* OnboardingView.swift */ = {isa = PBXFileReference; lastKnownFileType = sourcecode.swift; path = OnboardingView.swift; sourceTree = "<group>"; };
		ED2A09632F19668500C19D72 /* PrimaryButton.swift */ = {isa = PBXFileReference; lastKnownFileType = sourcecode.swift; path = PrimaryButton.swift; sourceTree = "<group>"; };
		ED2A09662F1967CF00C19D72 /* Colors.swift */ = {isa = PBXFileReference; lastKnownFileType = sourcecode.swift; path = Colors.swift; sourceTree = "<group>"; };
		ED2A096A2F196B7600C19D72 /* VoidBlock.swift */ = {isa = PBXFileReference; lastKnownFileType = sourcecode.swift; path = VoidBlock.swift; sourceTree = "<group>"; };
		ED2A096C2F196BE800C19D72 /* MainCommonView.swift */ = {isa = PBXFileReference; lastKnownFileType = sourcecode.swift; path = MainCommonView.swift; sourceTree = "<group>"; };
		ED2A096F2F196D8500C19D72 /* UIView.swift */ = {isa = PBXFileReference; lastKnownFileType = sourcecode.swift; path = UIView.swift; sourceTree = "<group>"; };
		ED2A09712F197BD000C19D72 /* UIDevice.swift */ = {isa = PBXFileReference; lastKnownFileType = sourcecode.swift; path = UIDevice.swift; sourceTree = "<group>"; };
		ED34E5C72F1A673E006B6330 /* InfoBadgeView.swift */ = {isa = PBXFileReference; lastKnownFileType = sourcecode.swift; path = InfoBadgeView.swift; sourceTree = "<group>"; };
		ED34E5CA2F1A6C00006B6330 /* VideoCompressorCell.swift */ = {isa = PBXFileReference; lastKnownFileType = sourcecode.swift; path = VideoCompressorCell.swift; sourceTree = "<group>"; };
		ED34E5CC2F1A6E78006B6330 /* Montserrat-Regular.ttf */ = {isa = PBXFileReference; lastKnownFileType = file; path = "Montserrat-Regular.ttf"; sourceTree = "<group>"; };
		ED8917472F19820700EAF996 /* PageControlView.swift */ = {isa = PBXFileReference; lastKnownFileType = sourcecode.swift; path = PageControlView.swift; sourceTree = "<group>"; };
		ED89174A2F19874B00EAF996 /* OnboardingPageModel.swift */ = {isa = PBXFileReference; lastKnownFileType = sourcecode.swift; path = OnboardingPageModel.swift; sourceTree = "<group>"; };
		ED89174E2F1987FA00EAF996 /* OnboardingFactory.swift */ = {isa = PBXFileReference; lastKnownFileType = sourcecode.swift; path = OnboardingFactory.swift; sourceTree = "<group>"; };
		ED8917512F198A0800EAF996 /* OnboardingPageView.swift */ = {isa = PBXFileReference; lastKnownFileType = sourcecode.swift; path = OnboardingPageView.swift; sourceTree = "<group>"; };
		ED8917552F198A6000EAF996 /* OnboardingPageVC.swift */ = {isa = PBXFileReference; lastKnownFileType = sourcecode.swift; path = OnboardingPageVC.swift; sourceTree = "<group>"; };
		ED8917572F19917F00EAF996 /* OnboardingVM.swift */ = {isa = PBXFileReference; lastKnownFileType = sourcecode.swift; path = OnboardingVM.swift; sourceTree = "<group>"; };
		ED89175A2F19AACE00EAF996 /* MainVC.swift */ = {isa = PBXFileReference; lastKnownFileType = sourcecode.swift; path = MainVC.swift; sourceTree = "<group>"; };
		ED89175D2F19AAD600EAF996 /* MainView.swift */ = {isa = PBXFileReference; lastKnownFileType = sourcecode.swift; path = MainView.swift; sourceTree = "<group>"; };
		ED89175F2F19B98800EAF996 /* UILabel.swift */ = {isa = PBXFileReference; lastKnownFileType = sourcecode.swift; path = UILabel.swift; sourceTree = "<group>"; };
		ED8917622F19BB1700EAF996 /* CircularProgressView.swift */ = {isa = PBXFileReference; lastKnownFileType = sourcecode.swift; path = CircularProgressView.swift; sourceTree = "<group>"; };
		ED8917642F19BC0000EAF996 /* DiskInfo.swift */ = {isa = PBXFileReference; lastKnownFileType = sourcecode.swift; path = DiskInfo.swift; sourceTree = "<group>"; };
		ED8917662F19BC1000EAF996 /* DiskInfoService.swift */ = {isa = PBXFileReference; lastKnownFileType = sourcecode.swift; path = DiskInfoService.swift; sourceTree = "<group>"; };
		ED89196B2F19C70000EAF996 /* Byte.swift */ = {isa = PBXFileReference; lastKnownFileType = sourcecode.swift; path = Byte.swift; sourceTree = "<group>"; };
		ED89196E2F19C53400EAF996 /* MainVM.swift */ = {isa = PBXFileReference; lastKnownFileType = sourcecode.swift; path = MainVM.swift; sourceTree = "<group>"; };
		ED891B7E2F19CDE600EAF996 /* MediaGroupCell.swift */ = {isa = PBXFileReference; lastKnownFileType = sourcecode.swift; path = MediaGroupCell.swift; sourceTree = "<group>"; };
		ED891B812F19D1A000EAF996 /* MediaGroupModel.swift */ = {isa = PBXFileReference; lastKnownFileType = sourcecode.swift; path = MediaGroupModel.swift; sourceTree = "<group>"; };
		ED891B832F19D25200EAF996 /* Fonts.swift */ = {isa = PBXFileReference; lastKnownFileType = sourcecode.swift; path = Fonts.swift; sourceTree = "<group>"; };
		ED891B872F19D3E600EAF996 /* Montserrat-SemiBold.ttf */ = {isa = PBXFileReference; lastKnownFileType = file; path = "Montserrat-SemiBold.ttf"; sourceTree = "<group>"; };
		ED891B892F19E39100EAF996 /* MediaType.swift */ = {isa = PBXFileReference; lastKnownFileType = sourcecode.swift; path = MediaType.swift; sourceTree = "<group>"; };
		ED891B8B2F19E63900EAF996 /* PermissionService.swift */ = {isa = PBXFileReference; lastKnownFileType = sourcecode.swift; path = PermissionService.swift; sourceTree = "<group>"; };
		ED891C922F19F8F300EAF996 /* HapticService.swift */ = {isa = PBXFileReference; lastKnownFileType = sourcecode.swift; path = HapticService.swift; sourceTree = "<group>"; };
		ED891C962F19FC1900EAF996 /* VideoCompressorVC.swift */ = {isa = PBXFileReference; lastKnownFileType = sourcecode.swift; path = VideoCompressorVC.swift; sourceTree = "<group>"; };
		ED891C982F19FC4300EAF996 /* VideoCompressorView.swift */ = {isa = PBXFileReference; lastKnownFileType = sourcecode.swift; path = VideoCompressorView.swift; sourceTree = "<group>"; };
		ED891C9B2F19FCB900EAF996 /* CustomNavigationBar.swift */ = {isa = PBXFileReference; lastKnownFileType = sourcecode.swift; path = CustomNavigationBar.swift; sourceTree = "<group>"; };
		F04987F4E9BF4BFFE7DB4D44 /* MediaCountService.swift */ = {isa = PBXFileReference; lastKnownFileType = sourcecode.swift; path = MediaCountService.swift; sourceTree = "<group>"; };
/* End PBXFileReference section */

/* Begin PBXFrameworksBuildPhase section */
		ED2A092A2F19621E00C19D72 /* Frameworks */ = {
			isa = PBXFrameworksBuildPhase;
			buildActionMask = 2147483647;
			files = (
				ED2A09552F19646200C19D72 /* SnapKit in Frameworks */,
			);
			runOnlyForDeploymentPostprocessing = 0;
		};
/* End PBXFrameworksBuildPhase section */

/* Begin PBXGroup section */
		ED2A09242F19621E00C19D72 = {
			isa = PBXGroup;
			children = (
				ED2A094C2F19640A00C19D72 /* cleaner-boosteight */,
				ED2A092E2F19621E00C19D72 /* Products */,
			);
			sourceTree = "<group>";
		};
		ED2A092E2F19621E00C19D72 /* Products */ = {
			isa = PBXGroup;
			children = (
				ED2A092D2F19621E00C19D72 /* cleaner-boosteight.app */,
			);
			name = Products;
			sourceTree = "<group>";
		};
		ED2A094C2F19640A00C19D72 /* cleaner-boosteight */ = {
			isa = PBXGroup;
			children = (
				ED2A09562F19654900C19D72 /* App */,
				ED2A09582F1965A400C19D72 /* Sources */,
				ED2A09592F1965AA00C19D72 /* Modules */,
				ED2A09572F19655400C19D72 /* Resources */,
				ED2A09472F19640A00C19D72 /* Info.plist */,
			);
			path = "cleaner-boosteight";
			sourceTree = "<group>";
		};
		ED2A09562F19654900C19D72 /* App */ = {
			isa = PBXGroup;
			children = (
				ED2A094A2F19640A00C19D72 /* SceneDelegate.swift */,
				ED2A09452F19640A00C19D72 /* AppDelegate.swift */,
			);
			path = App;
			sourceTree = "<group>";
		};
		ED2A09572F19655400C19D72 /* Resources */ = {
			isa = PBXGroup;
			children = (
				ED891B852F19D38300EAF996 /* Fonts */,
				ED2A09462F19640A00C19D72 /* Assets.xcassets */,
				ED2A09492F19640A00C19D72 /* LaunchScreen.storyboard */,
			);
			path = Resources;
			sourceTree = "<group>";
		};
		ED2A09582F1965A400C19D72 /* Sources */ = {
			isa = PBXGroup;
			children = (
				ED2A09612F19664F00C19D72 /* UI */,
				ED8917682F19BC2000EAF996 /* Services */,
				ED8917692F19BC2500EAF996 /* Models */,
				ED89174D2F1987F200EAF996 /* Factories */,
				ED2A096E2F196D7A00C19D72 /* Extensions */,
				ED2A09692F196B5700C19D72 /* Typealiases */,
				ED2A09652F1967CA00C19D72 /* Constants */,
			);
			path = Sources;
			sourceTree = "<group>";
		};
		ED2A09592F1965AA00C19D72 /* Modules */ = {
			isa = PBXGroup;
			children = (
				ED891C942F19FC1000EAF996 /* VideoCompressor */,
				ED8917592F19AACA00EAF996 /* Main */,
				ED2A095A2F1965C100C19D72 /* Onboarding */,
			);
			path = Modules;
			sourceTree = "<group>";
		};
		ED2A095A2F1965C100C19D72 /* Onboarding */ = {
			isa = PBXGroup;
			children = (
				ED8917572F19917F00EAF996 /* OnboardingVM.swift */,
				ED2A095C2F1965D500C19D72 /* OnboardingVC.swift */,
				ED2A095B2F1965D100C19D72 /* Views */,
				ED8917502F198A0400EAF996 /* Page */,
				ED8917492F19874600EAF996 /* Models */,
			);
			path = Onboarding;
			sourceTree = "<group>";
		};
		ED2A095B2F1965D100C19D72 /* Views */ = {
			isa = PBXGroup;
			children = (
				ED8917462F19820300EAF996 /* Subviews */,
				ED2A095E2F1965F400C19D72 /* OnboardingView.swift */,
			);
			path = Views;
			sourceTree = "<group>";
		};
		ED2A09602F19660F00C19D72 /* Views */ = {
			isa = PBXGroup;
			children = (
				ED34E5C72F1A673E006B6330 /* InfoBadgeView.swift */,
				ED891C9B2F19FCB900EAF996 /* CustomNavigationBar.swift */,
				ED2A096C2F196BE800C19D72 /* MainCommonView.swift */,
			);
			path = Views;
			sourceTree = "<group>";
		};
		ED2A09612F19664F00C19D72 /* UI */ = {
			isa = PBXGroup;
			children = (
				ED2A09602F19660F00C19D72 /* Views */,
				ED2A09622F19667F00C19D72 /* Buttons */,
			);
			path = UI;
			sourceTree = "<group>";
		};
		ED2A09622F19667F00C19D72 /* Buttons */ = {
			isa = PBXGroup;
			children = (
				ED2A09632F19668500C19D72 /* PrimaryButton.swift */,
			);
			path = Buttons;
			sourceTree = "<group>";
		};
		ED2A09652F1967CA00C19D72 /* Constants */ = {
			isa = PBXGroup;
			children = (
				ED891B832F19D25200EAF996 /* Fonts.swift */,
				ED2A09662F1967CF00C19D72 /* Colors.swift */,
			);
			path = Constants;
			sourceTree = "<group>";
		};
		ED2A09692F196B5700C19D72 /* Typealiases */ = {
			isa = PBXGroup;
			children = (
				ED2A096A2F196B7600C19D72 /* VoidBlock.swift */,
				ED89196B2F19C70000EAF996 /* Byte.swift */,
			);
			path = Typealiases;
			sourceTree = "<group>";
		};
		ED2A096E2F196D7A00C19D72 /* Extensions */ = {
			isa = PBXGroup;
			children = (
				ED89175F2F19B98800EAF996 /* UILabel.swift */,
				ED2A09712F197BD000C19D72 /* UIDevice.swift */,
				ED2A096F2F196D8500C19D72 /* UIView.swift */,
			);
			path = Extensions;
			sourceTree = "<group>";
		};
		ED34E5C92F1A6BFA006B6330 /* Subviews */ = {
			isa = PBXGroup;
			children = (
				ED34E5CA2F1A6C00006B6330 /* VideoCompressorCell.swift */,
			);
			path = Subviews;
			sourceTree = "<group>";
		};
		ED8917462F19820300EAF996 /* Subviews */ = {
			isa = PBXGroup;
			children = (
				ED8917472F19820700EAF996 /* PageControlView.swift */,
			);
			path = Subviews;
			sourceTree = "<group>";
		};
		ED8917492F19874600EAF996 /* Models */ = {
			isa = PBXGroup;
			children = (
				ED89174A2F19874B00EAF996 /* OnboardingPageModel.swift */,
			);
			path = Models;
			sourceTree = "<group>";
		};
		ED89174D2F1987F200EAF996 /* Factories */ = {
			isa = PBXGroup;
			children = (
				ED89174E2F1987FA00EAF996 /* OnboardingFactory.swift */,
			);
			path = Factories;
			sourceTree = "<group>";
		};
		ED8917502F198A0400EAF996 /* Page */ = {
			isa = PBXGroup;
			children = (
				ED8917552F198A6000EAF996 /* OnboardingPageVC.swift */,
				ED8917542F198A1000EAF996 /* Views */,
			);
			path = Page;
			sourceTree = "<group>";
		};
		ED8917542F198A1000EAF996 /* Views */ = {
			isa = PBXGroup;
			children = (
				ED8917512F198A0800EAF996 /* OnboardingPageView.swift */,
			);
			path = Views;
			sourceTree = "<group>";
		};
		ED8917592F19AACA00EAF996 /* Main */ = {
			isa = PBXGroup;
			children = (
				ED89196E2F19C53400EAF996 /* MainVM.swift */,
				ED89175A2F19AACE00EAF996 /* MainVC.swift */,
				ED89175C2F19AAD100EAF996 /* Views */,
				ED891B802F19D19000EAF996 /* Models */,
			);
			path = Main;
			sourceTree = "<group>";
		};
		ED89175C2F19AAD100EAF996 /* Views */ = {
			isa = PBXGroup;
			children = (
				ED89175D2F19AAD600EAF996 /* MainView.swift */,
				ED8917612F19BAFF00EAF996 /* Subviews */,
			);
			path = Views;
			sourceTree = "<group>";
		};
		ED8917612F19BAFF00EAF996 /* Subviews */ = {
			isa = PBXGroup;
			children = (
				ED8917622F19BB1700EAF996 /* CircularProgressView.swift */,
				ED891B7E2F19CDE600EAF996 /* MediaGroupCell.swift */,
			);
			path = Subviews;
			sourceTree = "<group>";
		};
		ED8917682F19BC2000EAF996 /* Services */ = {
			isa = PBXGroup;
			children = (
				ED891C922F19F8F300EAF996 /* HapticService.swift */,
				ED891B8B2F19E63900EAF996 /* PermissionService.swift */,
				ED8917662F19BC1000EAF996 /* DiskInfoService.swift */,
				F04987F4E9BF4BFFE7DB4D44 /* MediaCountService.swift */,
				656305455BA91D8FA3AEC7CF /* MediaCacheService.swift */,
			);
			path = Services;
			sourceTree = "<group>";
		};
		ED8917692F19BC2500EAF996 /* Models */ = {
			isa = PBXGroup;
			children = (
				ED8917642F19BC0000EAF996 /* DiskInfo.swift */,
				0F2075E14F599B1520E272D5 /* AlertModel.swift */,
			);
			path = Models;
			sourceTree = "<group>";
		};
		ED891B802F19D19000EAF996 /* Models */ = {
			isa = PBXGroup;
			children = (
				ED891B892F19E39100EAF996 /* MediaType.swift */,
				ED891B812F19D1A000EAF996 /* MediaGroupModel.swift */,
			);
			path = Models;
			sourceTree = "<group>";
		};
		ED891B852F19D38300EAF996 /* Fonts */ = {
			isa = PBXGroup;
			children = (
				ED891B862F19D3D200EAF996 /* Montserrat */,
			);
			path = Fonts;
			sourceTree = "<group>";
		};
		ED891B862F19D3D200EAF996 /* Montserrat */ = {
			isa = PBXGroup;
			children = (
				ED34E5CC2F1A6E78006B6330 /* Montserrat-Regular.ttf */,
				ED891B872F19D3E600EAF996 /* Montserrat-SemiBold.ttf */,
			);
			path = Montserrat;
			sourceTree = "<group>";
		};
		ED891C942F19FC1000EAF996 /* VideoCompressor */ = {
			isa = PBXGroup;
			children = (
				ED891C962F19FC1900EAF996 /* VideoCompressorVC.swift */,
				ED891C952F19FC1500EAF996 /* Views */,
				ED891C9A2F19FC6900EAF996 /* Models */,
			);
			path = VideoCompressor;
			sourceTree = "<group>";
		};
		ED891C952F19FC1500EAF996 /* Views */ = {
			isa = PBXGroup;
			children = (
				ED34E5C92F1A6BFA006B6330 /* Subviews */,
				ED891C982F19FC4300EAF996 /* VideoCompressorView.swift */,
			);
			path = Views;
			sourceTree = "<group>";
		};
		ED891C9A2F19FC6900EAF996 /* Models */ = {
			isa = PBXGroup;
			children = (
			);
			path = Models;
			sourceTree = "<group>";
		};
/* End PBXGroup section */

/* Begin PBXNativeTarget section */
		ED2A092C2F19621E00C19D72 /* cleaner-boosteight */ = {
			isa = PBXNativeTarget;
			buildConfigurationList = ED2A09402F19621E00C19D72 /* Build configuration list for PBXNativeTarget "cleaner-boosteight" */;
			buildPhases = (
				ED2A09292F19621E00C19D72 /* Sources */,
				ED2A092A2F19621E00C19D72 /* Frameworks */,
				ED2A092B2F19621E00C19D72 /* Resources */,
			);
			buildRules = (
			);
			dependencies = (
			);
			name = "cleaner-boosteight";
			packageProductDependencies = (
				ED2A09542F19646200C19D72 /* SnapKit */,
			);
			productName = "cleaner-boosteight";
			productReference = ED2A092D2F19621E00C19D72 /* cleaner-boosteight.app */;
			productType = "com.apple.product-type.application";
		};
/* End PBXNativeTarget section */

/* Begin PBXProject section */
		ED2A09252F19621E00C19D72 /* Project object */ = {
			isa = PBXProject;
			attributes = {
				BuildIndependentTargetsInParallel = 1;
				LastSwiftUpdateCheck = 2620;
				LastUpgradeCheck = 2620;
				TargetAttributes = {
					ED2A092C2F19621E00C19D72 = {
						CreatedOnToolsVersion = 26.2;
					};
				};
			};
			buildConfigurationList = ED2A09282F19621E00C19D72 /* Build configuration list for PBXProject "cleaner-boosteight" */;
			developmentRegion = en;
			hasScannedForEncodings = 0;
			knownRegions = (
				en,
				Base,
			);
			mainGroup = ED2A09242F19621E00C19D72;
			minimizedProjectReferenceProxies = 1;
			packageReferences = (
				ED2A09532F19646200C19D72 /* XCRemoteSwiftPackageReference "SnapKit" */,
			);
			preferredProjectObjectVersion = 77;
			productRefGroup = ED2A092E2F19621E00C19D72 /* Products */;
			projectDirPath = "";
			projectRoot = "";
			targets = (
				ED2A092C2F19621E00C19D72 /* cleaner-boosteight */,
			);
		};
/* End PBXProject section */

/* Begin PBXResourcesBuildPhase section */
		ED2A092B2F19621E00C19D72 /* Resources */ = {
			isa = PBXResourcesBuildPhase;
			buildActionMask = 2147483647;
			files = (
				ED34E5CD2F1A6E78006B6330 /* Montserrat-Regular.ttf in Resources */,
				ED891B882F19D3E600EAF996 /* Montserrat-SemiBold.ttf in Resources */,
				ED2A09502F19640A00C19D72 /* Assets.xcassets in Resources */,
				ED2A09522F19640A00C19D72 /* LaunchScreen.storyboard in Resources */,
			);
			runOnlyForDeploymentPostprocessing = 0;
		};
/* End PBXResourcesBuildPhase section */

/* Begin PBXSourcesBuildPhase section */
		ED2A09292F19621E00C19D72 /* Sources */ = {
			isa = PBXSourcesBuildPhase;
			buildActionMask = 2147483647;
			files = (
				ED891B7F2F19CDE600EAF996 /* MediaGroupCell.swift in Sources */,
				ED2A09642F19668700C19D72 /* PrimaryButton.swift in Sources */,
				ED2A096D2F196BEA00C19D72 /* MainCommonView.swift in Sources */,
				ED8917522F198A0800EAF996 /* OnboardingPageView.swift in Sources */,
				ED891B8C2F19E63900EAF996 /* PermissionService.swift in Sources */,
				ED34E5C82F1A673E006B6330 /* InfoBadgeView.swift in Sources */,
				ED8917582F19918A00EAF996 /* OnboardingVM.swift in Sources */,
				ED8917562F198A6300EAF996 /* OnboardingPageVC.swift in Sources */,
				ED2A094D2F19640A00C19D72 /* AppDelegate.swift in Sources */,
				ED8917632F19BB1700EAF996 /* CircularProgressView.swift in Sources */,
				ED89196F2F19C53800EAF996 /* MainVM.swift in Sources */,
				ED2A094E2F19640A00C19D72 /* SceneDelegate.swift in Sources */,
				ED891B822F19D1A000EAF996 /* MediaGroupModel.swift in Sources */,
				ED891C9C2F19FCBE00EAF996 /* CustomNavigationBar.swift in Sources */,
				ED8917602F19B98800EAF996 /* UILabel.swift in Sources */,
				ED2A09672F1967CF00C19D72 /* Colors.swift in Sources */,
				ED2A09722F197BD200C19D72 /* UIDevice.swift in Sources */,
				ED89174B2F19874C00EAF996 /* OnboardingPageModel.swift in Sources */,
				ED2A095D2F1965D500C19D72 /* OnboardingVC.swift in Sources */,
				ED89175B2F19AACE00EAF996 /* MainVC.swift in Sources */,
				ED891C932F19F8F300EAF996 /* HapticService.swift in Sources */,
				ED89175E2F19AAD700EAF996 /* MainView.swift in Sources */,
				ED8917482F19820800EAF996 /* PageControlView.swift in Sources */,
				ED2A095F2F1965F800C19D72 /* OnboardingView.swift in Sources */,
				ED891B8A2F19E39300EAF996 /* MediaType.swift in Sources */,
				ED89174F2F1987FA00EAF996 /* OnboardingFactory.swift in Sources */,
				ED34E5CB2F1A6C01006B6330 /* VideoCompressorCell.swift in Sources */,
				ED2A09702F196D8600C19D72 /* UIView.swift in Sources */,
				ED2A096B2F196B7800C19D72 /* VoidBlock.swift in Sources */,
				ED8917652F19BC0000EAF996 /* DiskInfo.swift in Sources */,
				ED8917672F19BC1000EAF996 /* DiskInfoService.swift in Sources */,
				ED891C972F19FC1900EAF996 /* VideoCompressorVC.swift in Sources */,
				ED891B842F19D25300EAF996 /* Fonts.swift in Sources */,
				ED891C992F19FC4300EAF996 /* VideoCompressorView.swift in Sources */,
				ED89196A2F19C70000EAF996 /* Byte.swift in Sources */,
				28FF09FAED05AA2D2CC046DF /* MediaCountService.swift in Sources */,
				2294BAFF07317F5BE8E6C55B /* MediaCacheService.swift in Sources */,
				2D463908A21940DD86F466FC /* AlertModel.swift in Sources */,
			);
			runOnlyForDeploymentPostprocessing = 0;
		};
/* End PBXSourcesBuildPhase section */

/* Begin PBXVariantGroup section */
		ED2A09492F19640A00C19D72 /* LaunchScreen.storyboard */ = {
			isa = PBXVariantGroup;
			children = (
				ED2A09482F19640A00C19D72 /* Base */,
			);
			name = LaunchScreen.storyboard;
			sourceTree = "<group>";
		};
/* End PBXVariantGroup section */

/* Begin XCBuildConfiguration section */
		ED2A09412F19621E00C19D72 /* Debug */ = {
			isa = XCBuildConfiguration;
			buildSettings = {
				ASSETCATALOG_COMPILER_APPICON_NAME = AppIcon;
				ASSETCATALOG_COMPILER_GLOBAL_ACCENT_COLOR_NAME = AccentColor;
				CODE_SIGN_STYLE = Automatic;
				CURRENT_PROJECT_VERSION = 1;
				DEVELOPMENT_TEAM = A673JD59FG;
				GENERATE_INFOPLIST_FILE = YES;
				INFOPLIST_FILE = "cleaner-boosteight/Info.plist";
				INFOPLIST_KEY_CFBundleDisplayName = Cleaner;
				INFOPLIST_KEY_LSApplicationCategoryType = "public.app-category.utilities";
				INFOPLIST_KEY_UIApplicationSupportsIndirectInputEvents = YES;
				INFOPLIST_KEY_UILaunchStoryboardName = LaunchScreen;
				INFOPLIST_KEY_UISupportedInterfaceOrientations = UIInterfaceOrientationPortrait;
				INFOPLIST_KEY_UISupportedInterfaceOrientations_iPad = "UIInterfaceOrientationLandscapeLeft UIInterfaceOrientationLandscapeRight UIInterfaceOrientationPortrait UIInterfaceOrientationPortraitUpsideDown";
				IPHONEOS_DEPLOYMENT_TARGET = 16.0;
				LD_RUNPATH_SEARCH_PATHS = (
					"$(inherited)",
					"@executable_path/Frameworks",
				);
				MARKETING_VERSION = 1.0;
				PRODUCT_BUNDLE_IDENTIFIER = "andreichenko256.cleaner-boosteight";
				PRODUCT_NAME = "$(TARGET_NAME)";
				STRING_CATALOG_GENERATE_SYMBOLS = YES;
				SUPPORTED_PLATFORMS = "iphoneos iphonesimulator";
				SUPPORTS_MACCATALYST = NO;
				SUPPORTS_MAC_DESIGNED_FOR_IPHONE_IPAD = NO;
				SUPPORTS_XR_DESIGNED_FOR_IPHONE_IPAD = NO;
				SWIFT_APPROACHABLE_CONCURRENCY = YES;
				SWIFT_DEFAULT_ACTOR_ISOLATION = MainActor;
				SWIFT_EMIT_LOC_STRINGS = YES;
				SWIFT_UPCOMING_FEATURE_MEMBER_IMPORT_VISIBILITY = YES;
				SWIFT_VERSION = 5.0;
				TARGETED_DEVICE_FAMILY = 1;
			};
			name = Debug;
		};
		ED2A09422F19621E00C19D72 /* Release */ = {
			isa = XCBuildConfiguration;
			buildSettings = {
				ASSETCATALOG_COMPILER_APPICON_NAME = AppIcon;
				ASSETCATALOG_COMPILER_GLOBAL_ACCENT_COLOR_NAME = AccentColor;
				CODE_SIGN_STYLE = Automatic;
				CURRENT_PROJECT_VERSION = 1;
				DEVELOPMENT_TEAM = A673JD59FG;
				GENERATE_INFOPLIST_FILE = YES;
				INFOPLIST_FILE = "cleaner-boosteight/Info.plist";
				INFOPLIST_KEY_CFBundleDisplayName = Cleaner;
				INFOPLIST_KEY_LSApplicationCategoryType = "public.app-category.utilities";
				INFOPLIST_KEY_UIApplicationSupportsIndirectInputEvents = YES;
				INFOPLIST_KEY_UILaunchStoryboardName = LaunchScreen;
				INFOPLIST_KEY_UISupportedInterfaceOrientations = UIInterfaceOrientationPortrait;
				INFOPLIST_KEY_UISupportedInterfaceOrientations_iPad = "UIInterfaceOrientationLandscapeLeft UIInterfaceOrientationLandscapeRight UIInterfaceOrientationPortrait UIInterfaceOrientationPortraitUpsideDown";
				IPHONEOS_DEPLOYMENT_TARGET = 16.0;
				LD_RUNPATH_SEARCH_PATHS = (
					"$(inherited)",
					"@executable_path/Frameworks",
				);
				MARKETING_VERSION = 1.0;
				PRODUCT_BUNDLE_IDENTIFIER = "andreichenko256.cleaner-boosteight";
				PRODUCT_NAME = "$(TARGET_NAME)";
				STRING_CATALOG_GENERATE_SYMBOLS = YES;
				SUPPORTED_PLATFORMS = "iphoneos iphonesimulator";
				SUPPORTS_MACCATALYST = NO;
				SUPPORTS_MAC_DESIGNED_FOR_IPHONE_IPAD = NO;
				SUPPORTS_XR_DESIGNED_FOR_IPHONE_IPAD = NO;
				SWIFT_APPROACHABLE_CONCURRENCY = YES;
				SWIFT_DEFAULT_ACTOR_ISOLATION = MainActor;
				SWIFT_EMIT_LOC_STRINGS = YES;
				SWIFT_UPCOMING_FEATURE_MEMBER_IMPORT_VISIBILITY = YES;
				SWIFT_VERSION = 5.0;
				TARGETED_DEVICE_FAMILY = 1;
			};
			name = Release;
		};
		ED2A09432F19621E00C19D72 /* Debug */ = {
			isa = XCBuildConfiguration;
			buildSettings = {
				ALWAYS_SEARCH_USER_PATHS = NO;
				ASSETCATALOG_COMPILER_GENERATE_SWIFT_ASSET_SYMBOL_EXTENSIONS = YES;
				CLANG_ANALYZER_NONNULL = YES;
				CLANG_ANALYZER_NUMBER_OBJECT_CONVERSION = YES_AGGRESSIVE;
				CLANG_CXX_LANGUAGE_STANDARD = "gnu++20";
				CLANG_ENABLE_MODULES = YES;
				CLANG_ENABLE_OBJC_ARC = YES;
				CLANG_ENABLE_OBJC_WEAK = YES;
				CLANG_WARN_BLOCK_CAPTURE_AUTORELEASING = YES;
				CLANG_WARN_BOOL_CONVERSION = YES;
				CLANG_WARN_COMMA = YES;
				CLANG_WARN_CONSTANT_CONVERSION = YES;
				CLANG_WARN_DEPRECATED_OBJC_IMPLEMENTATIONS = YES;
				CLANG_WARN_DIRECT_OBJC_ISA_USAGE = YES_ERROR;
				CLANG_WARN_DOCUMENTATION_COMMENTS = YES;
				CLANG_WARN_EMPTY_BODY = YES;
				CLANG_WARN_ENUM_CONVERSION = YES;
				CLANG_WARN_INFINITE_RECURSION = YES;
				CLANG_WARN_INT_CONVERSION = YES;
				CLANG_WARN_NON_LITERAL_NULL_CONVERSION = YES;
				CLANG_WARN_OBJC_IMPLICIT_RETAIN_SELF = YES;
				CLANG_WARN_OBJC_LITERAL_CONVERSION = YES;
				CLANG_WARN_OBJC_ROOT_CLASS = YES_ERROR;
				CLANG_WARN_QUOTED_INCLUDE_IN_FRAMEWORK_HEADER = YES;
				CLANG_WARN_RANGE_LOOP_ANALYSIS = YES;
				CLANG_WARN_STRICT_PROTOTYPES = YES;
				CLANG_WARN_SUSPICIOUS_MOVE = YES;
				CLANG_WARN_UNGUARDED_AVAILABILITY = YES_AGGRESSIVE;
				CLANG_WARN_UNREACHABLE_CODE = YES;
				CLANG_WARN__DUPLICATE_METHOD_MATCH = YES;
				COPY_PHASE_STRIP = NO;
				DEBUG_INFORMATION_FORMAT = dwarf;
				DEVELOPMENT_TEAM = A673JD59FG;
				ENABLE_STRICT_OBJC_MSGSEND = YES;
				ENABLE_TESTABILITY = YES;
				ENABLE_USER_SCRIPT_SANDBOXING = YES;
				GCC_C_LANGUAGE_STANDARD = gnu17;
				GCC_DYNAMIC_NO_PIC = NO;
				GCC_NO_COMMON_BLOCKS = YES;
				GCC_OPTIMIZATION_LEVEL = 0;
				GCC_PREPROCESSOR_DEFINITIONS = (
					"DEBUG=1",
					"$(inherited)",
				);
				GCC_WARN_64_TO_32_BIT_CONVERSION = YES;
				GCC_WARN_ABOUT_RETURN_TYPE = YES_ERROR;
				GCC_WARN_UNDECLARED_SELECTOR = YES;
				GCC_WARN_UNINITIALIZED_AUTOS = YES_AGGRESSIVE;
				GCC_WARN_UNUSED_FUNCTION = YES;
				GCC_WARN_UNUSED_VARIABLE = YES;
				IPHONEOS_DEPLOYMENT_TARGET = 26.2;
				LOCALIZATION_PREFERS_STRING_CATALOGS = YES;
				MTL_ENABLE_DEBUG_INFO = INCLUDE_SOURCE;
				MTL_FAST_MATH = YES;
				ONLY_ACTIVE_ARCH = YES;
				SDKROOT = iphoneos;
				SWIFT_ACTIVE_COMPILATION_CONDITIONS = "DEBUG $(inherited)";
				SWIFT_OPTIMIZATION_LEVEL = "-Onone";
			};
			name = Debug;
		};
		ED2A09442F19621E00C19D72 /* Release */ = {
			isa = XCBuildConfiguration;
			buildSettings = {
				ALWAYS_SEARCH_USER_PATHS = NO;
				ASSETCATALOG_COMPILER_GENERATE_SWIFT_ASSET_SYMBOL_EXTENSIONS = YES;
				CLANG_ANALYZER_NONNULL = YES;
				CLANG_ANALYZER_NUMBER_OBJECT_CONVERSION = YES_AGGRESSIVE;
				CLANG_CXX_LANGUAGE_STANDARD = "gnu++20";
				CLANG_ENABLE_MODULES = YES;
				CLANG_ENABLE_OBJC_ARC = YES;
				CLANG_ENABLE_OBJC_WEAK = YES;
				CLANG_WARN_BLOCK_CAPTURE_AUTORELEASING = YES;
				CLANG_WARN_BOOL_CONVERSION = YES;
				CLANG_WARN_COMMA = YES;
				CLANG_WARN_CONSTANT_CONVERSION = YES;
				CLANG_WARN_DEPRECATED_OBJC_IMPLEMENTATIONS = YES;
				CLANG_WARN_DIRECT_OBJC_ISA_USAGE = YES_ERROR;
				CLANG_WARN_DOCUMENTATION_COMMENTS = YES;
				CLANG_WARN_EMPTY_BODY = YES;
				CLANG_WARN_ENUM_CONVERSION = YES;
				CLANG_WARN_INFINITE_RECURSION = YES;
				CLANG_WARN_INT_CONVERSION = YES;
				CLANG_WARN_NON_LITERAL_NULL_CONVERSION = YES;
				CLANG_WARN_OBJC_IMPLICIT_RETAIN_SELF = YES;
				CLANG_WARN_OBJC_LITERAL_CONVERSION = YES;
				CLANG_WARN_OBJC_ROOT_CLASS = YES_ERROR;
				CLANG_WARN_QUOTED_INCLUDE_IN_FRAMEWORK_HEADER = YES;
				CLANG_WARN_RANGE_LOOP_ANALYSIS = YES;
				CLANG_WARN_STRICT_PROTOTYPES = YES;
				CLANG_WARN_SUSPICIOUS_MOVE = YES;
				CLANG_WARN_UNGUARDED_AVAILABILITY = YES_AGGRESSIVE;
				CLANG_WARN_UNREACHABLE_CODE = YES;
				CLANG_WARN__DUPLICATE_METHOD_MATCH = YES;
				COPY_PHASE_STRIP = NO;
				DEBUG_INFORMATION_FORMAT = "dwarf-with-dsym";
				DEVELOPMENT_TEAM = A673JD59FG;
				ENABLE_NS_ASSERTIONS = NO;
				ENABLE_STRICT_OBJC_MSGSEND = YES;
				ENABLE_USER_SCRIPT_SANDBOXING = YES;
				GCC_C_LANGUAGE_STANDARD = gnu17;
				GCC_NO_COMMON_BLOCKS = YES;
				GCC_WARN_64_TO_32_BIT_CONVERSION = YES;
				GCC_WARN_ABOUT_RETURN_TYPE = YES_ERROR;
				GCC_WARN_UNDECLARED_SELECTOR = YES;
				GCC_WARN_UNINITIALIZED_AUTOS = YES_AGGRESSIVE;
				GCC_WARN_UNUSED_FUNCTION = YES;
				GCC_WARN_UNUSED_VARIABLE = YES;
				IPHONEOS_DEPLOYMENT_TARGET = 26.2;
				LOCALIZATION_PREFERS_STRING_CATALOGS = YES;
				MTL_ENABLE_DEBUG_INFO = NO;
				MTL_FAST_MATH = YES;
				SDKROOT = iphoneos;
				SWIFT_COMPILATION_MODE = wholemodule;
				VALIDATE_PRODUCT = YES;
			};
			name = Release;
		};
/* End XCBuildConfiguration section */

/* Begin XCConfigurationList section */
		ED2A09282F19621E00C19D72 /* Build configuration list for PBXProject "cleaner-boosteight" */ = {
			isa = XCConfigurationList;
			buildConfigurations = (
				ED2A09432F19621E00C19D72 /* Debug */,
				ED2A09442F19621E00C19D72 /* Release */,
			);
			defaultConfigurationIsVisible = 0;
			defaultConfigurationName = Release;
		};
		ED2A09402F19621E00C19D72 /* Build configuration list for PBXNativeTarget "cleaner-boosteight" */ = {
			isa = XCConfigurationList;
			buildConfigurations = (
				ED2A09412F19621E00C19D72 /* Debug */,
				ED2A09422F19621E00C19D72 /* Release */,
			);
			defaultConfigurationIsVisible = 0;
			defaultConfigurationName = Release;
		};
/* End XCConfigurationList section */

/* Begin XCRemoteSwiftPackageReference section */
		ED2A09532F19646200C19D72 /* XCRemoteSwiftPackageReference "SnapKit" */ = {
			isa = XCRemoteSwiftPackageReference;
			repositoryURL = "https://github.com/SnapKit/SnapKit";
			requirement = {
				kind = upToNextMajorVersion;
				minimumVersion = 5.7.1;
			};
		};
/* End XCRemoteSwiftPackageReference section */

/* Begin XCSwiftPackageProductDependency section */
		ED2A09542F19646200C19D72 /* SnapKit */ = {
			isa = XCSwiftPackageProductDependency;
			package = ED2A09532F19646200C19D72 /* XCRemoteSwiftPackageReference "SnapKit" */;
			productName = SnapKit;
		};
/* End XCSwiftPackageProductDependency section */
	};
	rootObject = ED2A09252F19621E00C19D72 /* Project object */;
}
